{
  "name": "renovate-github-issue-link",
  "version": "1.0.0",
  "lockfileVersion": 2,
  "requires": true,
  "packages": {
    "": {
      "name": "renovate-github-issue-link",
      "version": "1.0.0",
      "license": "MIT",
      "dependencies": {
        "gitlab-ci-env": "13.2.0"
      }
    },
    "node_modules/gitlab-ci-env": {
      "version": "13.2.0",
      "resolved": "https://registry.npmjs.org/gitlab-ci-env/-/gitlab-ci-env-13.2.0.tgz",
      "integrity": "sha512-4+gkHkHnAkpjpqmeZn2cdoB+TCke6dkfOvHeK97F6hU/3oG+ThDqKQUUBkAnSQLwmQdZecvywrqat59OyKoc5Q==",
      "engines": {
        "node": "^22.11.0 || ^24.11.0 || >=26"
      }
    }
  },
  "dependencies": {
    "gitlab-ci-env": {
      "version": "13.2.0",
      "resolved": "https://registry.npmjs.org/gitlab-ci-env/-/gitlab-ci-env-13.2.0.tgz",
      "integrity": "sha512-4+gkHkHnAkpjpqmeZn2cdoB+TCke6dkfOvHeK97F6hU/3oG+ThDqKQUUBkAnSQLwmQdZecvywrqat59OyKoc5Q=="
    }
  }
}
