{
  "name": "renovate-github-issue-link",
  "version": "1.0.0",
  "lockfileVersion": 2,
  "requires": true,
  "packages": {
    "": {
      "name": "renovate-github-issue-link",
      "version": "1.0.0",
      "license": "MIT",
      "dependencies": {
        "gitlab-ci-env": "8.1.0"
      }
    },
    "node_modules/gitlab-ci-env": {
      "version": "8.1.0",
      "resolved": "https://registry.npmjs.org/gitlab-ci-env/-/gitlab-ci-env-8.1.0.tgz",
      "integrity": "sha512-ftV7ZeiotL8GkiM31Y+kH6pb94SjLRsV14Rt8V9xN8BPR0RWOSmUMuFS0/GE7C2punhaaZ9V8mrJRBOdtullnA==",
      "engines": {
        "node": "^16.13.0 || ^18.12.0 || >=20.0.0"
      }
    }
  },
  "dependencies": {
    "gitlab-ci-env": {
      "version": "8.1.0",
      "resolved": "https://registry.npmjs.org/gitlab-ci-env/-/gitlab-ci-env-8.1.0.tgz",
      "integrity": "sha512-ftV7ZeiotL8GkiM31Y+kH6pb94SjLRsV14Rt8V9xN8BPR0RWOSmUMuFS0/GE7C2punhaaZ9V8mrJRBOdtullnA=="
    }
  }
}
