{
  "name": "renovate-github-issue-link",
  "version": "1.0.0",
  "lockfileVersion": 2,
  "requires": true,
  "packages": {
    "": {
      "name": "renovate-github-issue-link",
      "version": "1.0.0",
      "license": "MIT",
      "dependencies": {
        "gitlab-ci-env": "10.3.0"
      }
    },
    "node_modules/gitlab-ci-env": {
      "version": "10.3.0",
      "resolved": "https://registry.npmjs.org/gitlab-ci-env/-/gitlab-ci-env-10.3.0.tgz",
      "integrity": "sha512-mtrT12jOSoH2BBiQCFRhrHFNE01OHoPsAkAA75QOqrJZLeWq/iWo0IWSWYUiojcTPt0GsZGgaFyDIINTTLPUdw==",
      "engines": {
        "node": "^18.12.0 || ^20.9.0 || >=22.0.0"
      }
    }
  },
  "dependencies": {
    "gitlab-ci-env": {
      "version": "10.3.0",
      "resolved": "https://registry.npmjs.org/gitlab-ci-env/-/gitlab-ci-env-10.3.0.tgz",
      "integrity": "sha512-mtrT12jOSoH2BBiQCFRhrHFNE01OHoPsAkAA75QOqrJZLeWq/iWo0IWSWYUiojcTPt0GsZGgaFyDIINTTLPUdw=="
    }
  }
}
